# THIS IS AN AUTOGENERATED FILE. DO NOT EDIT THIS FILE DIRECTLY.
# yarn lockfile v1


"@prisma/engines@3.11.0-48.b371888aaf8f51357c7457d836b86d12da91658b":
  version "3.11.0-48.b371888aaf8f51357c7457d836b86d12da91658b"
  resolved "https://registry.yarnpkg.com/@prisma/engines/-/engines-3.11.0-48.b371888aaf8f51357c7457d836b86d12da91658b.tgz#4c1093f7b24c433a9cef2e60f13f57f7c89b5cfa"
  integrity sha512-m9iZd5F5vP6A2IvKWfHpOO/qK8OOO9nbsV/pdyEkF/1WNe0E8SIWFBKb+HcMLkG9OFbDDBy8QItXmp/mIULuwQ==

prisma@^3.11.0:
  version "3.11.0"
  resolved "https://registry.yarnpkg.com/prisma/-/prisma-3.11.0.tgz#0e384e9d36785711b579fda60117a2d41f79c72c"
  integrity sha512-8SdsLPhKR3mOfoo2o73h9mNn3v5kA/RqGA26Sv6qDS78Eh2uepPqt5e8/nwj5EOblYm5HEGuitaXQrOCLb6uTw==
  dependencies:
    "@prisma/engines" "3.11.0-48.b371888aaf8f51357c7457d836b86d12da91658b"
